
Microsoft Visual Studio Solution File, Format Version 12.00
# Visual Studio Version 17
VisualStudioVersion = 17.4.33122.133
MinimumVisualStudioVersion = 10.0.40219.1
Project("{FAE04EC0-301F-11D3-BF4B-00C04F79EFBC}") = "3Figures_Task", "3Figures_Task\3Figures_Task.csproj", "{EE6500C9-65E1-464F-AD56-5F4B87A94026}"
EndProject
Global
	GlobalSection(SolutionConfigurationPlatforms) = preSolution
		Debug|Any CPU = Debug|Any CPU
		Release|Any CPU = Release|Any CPU
	EndGlobalSection
	GlobalSection(ProjectConfigurationPlatforms) = postSolution
		{EE6500C9-65E1-464F-AD56-5F4B87A94026}.Debug|Any CPU.ActiveCfg = Debug|Any CPU
		{EE6500C9-65E1-464F-AD56-5F4B87A94026}.Debug|Any CPU.Build.0 = Debug|Any CPU
		{EE6500C9-65E1-464F-AD56-5F4B87A94026}.Release|Any CPU.ActiveCfg = Release|Any CPU
		{EE6500C9-65E1-464F-AD56-5F4B87A94026}.Release|Any CPU.Build.0 = Release|Any CPU
	EndGlobalSection
	GlobalSection(SolutionProperties) = preSolution
		HideSolutionNode = FALSE
	EndGlobalSection
	GlobalSection(ExtensibilityGlobals) = postSolution
		SolutionGuid = {956DF461-31DA-4DBD-8903-D4F6FF7E343E}
	EndGlobalSection
EndGlobal
